<?xml version="1.0" encoding="utf-8"?>
<Project ToolsVersion="4.0" xmlns="http://schemas.microsoft.com/developer/msbuild/2003">
  <ItemGroup>
    <Filter Include="Source Files">
      <UniqueIdentifier>{4FC737F1-C7A5-4376-A066-2A32D752A2FF}</UniqueIdentifier>
      <Extensions>cpp;c;cc;cxx;def;odl;idl;hpj;bat;asm;asmx</Extensions>
    </Filter>
    <Filter Include="Header Files">
      <UniqueIdentifier>{93995380-89BD-4b04-88EB-625FBE52EBFB}</UniqueIdentifier>
      <Extensions>h;hh;hpp;hxx;hm;inl;inc;xsd</Extensions>
    </Filter>
    <Filter Include="Resource Files">
      <UniqueIdentifier>{67DA6AB6-F800-4c08-8B7A-83BB121AAD01}</UniqueIdentifier>
      <Extensions>rc;ico;cur;bmp;dlg;rc2;rct;bin;rgs;gif;jpg;jpeg;jpe;resx;tiff;tif;png;wav</Extensions>
    </Filter>
    <Filter Include="Source Files\9918">
      <UniqueIdentifier>{6e272e40-f561-4e6b-8498-a4b4182fadbb}</UniqueIdentifier>
    </Filter>
  </ItemGroup>
  <ItemGroup>
    <None Include="init.asm">
      <Filter>Source Files</Filter>
    </None>
    <None Include="init1.asm">
      <Filter>Source Files</Filter>
    </None>
    <None Include="init2.asm">
      <Filter>Source Files</Filter>
    </None>
    <None Include="RomCopy.asm">
      <Filter>Source Files</Filter>
    </None>
    <None Include="ROMCOPY.BIN">
      <Filter>Resource Files</Filter>
    </None>
    <None Include="Makefile" />
    <None Include="apogee.asm">
      <Filter>Source Files</Filter>
    </None>
    <None Include="port.asm">
      <Filter>Source Files</Filter>
    </None>
    <None Include="MemTest.asm">
      <Filter>Source Files</Filter>
    </None>
    <None Include="MEM2A.ASM">
      <Filter>Source Files</Filter>
    </None>
    <None Include="SDDMA.ASM">
      <Filter>Source Files</Filter>
    </None>
    <None Include="boot.asm">
      <Filter>Source Files</Filter>
    </None>
    <None Include="sdbios.asm">
      <Filter>Source Files</Filter>
    </None>
    <None Include="DmaIo.asm">
      <Filter>Source Files</Filter>
    </None>
    <None Include="write.asm">
      <Filter>Source Files</Filter>
    </None>
    <None Include="9918test.asm">
      <Filter>Source Files</Filter>
    </None>
    <None Include="sprite.asm">
      <Filter>Source Files\9918</Filter>
    </None>
    <None Include="tms.asm">
      <Filter>Source Files\9918</Filter>
    </None>
    <None Include="utility.asm">
      <Filter>Source Files\9918</Filter>
    </None>
    <None Include="9918.asm">
      <Filter>Source Files</Filter>
    </None>
    <None Include="9918font.asm">
      <Filter>Source Files</Filter>
    </None>
    <None Include="9918txt.asm">
      <Filter>Source Files</Filter>
    </None>
    <None Include="tmsfont.asm">
      <Filter>Source Files\9918</Filter>
    </None>
    <None Include="z180.asm">
      <Filter>Source Files</Filter>
    </None>
    <None Include="rk60k.asm">
      <Filter>Source Files</Filter>
    </None>
    <None Include="bootRom.asm">
      <Filter>Source Files</Filter>
    </None>
    <None Include="MON580.ASM">
      <Filter>Source Files</Filter>
    </None>
    <None Include="F8X16.asm">
      <Filter>Source Files</Filter>
    </None>
    <None Include="F8X16EN.asm">
      <Filter>Source Files</Filter>
    </None>
    <None Include="MonRKRom.asm">
      <Filter>Source Files</Filter>
    </None>
    <None Include="sdbiosR.asm">
      <Filter>Source Files</Filter>
    </None>
    <None Include="SendRcv.asm">
      <Filter>Source Files</Filter>
    </None>
    <None Include="init2R.asm">
      <Filter>Source Files</Filter>
    </None>
    <None Include="init3.asm">
      <Filter>Source Files</Filter>
    </None>
    <None Include="sdbiosd.asm">
      <Filter>Source Files</Filter>
    </None>
    <None Include="bootd.asm">
      <Filter>Source Files</Filter>
    </None>
    <None Include="bootds.asm">
      <Filter>Source Files</Filter>
    </None>
    <None Include="sdbiosds.asm">
      <Filter>Source Files</Filter>
    </None>
    <None Include="TMS_DEF.ASM">
      <Filter>Source Files</Filter>
    </None>
    <None Include="fMsx.asm">
      <Filter>Source Files</Filter>
    </None>
  </ItemGroup>
</Project>