
Microsoft Visual Studio Solution File, Format Version 12.00
# Visual Studio Version 16
VisualStudioVersion = 16.0.33027.164
MinimumVisualStudioVersion = 10.0.40219.1
Project("{8BC9CEB8-8B4A-11D0-8D11-00A0C91BC942}") = "rk_maxi", "rk_maxi.vcxproj", "{0A8FB137-2C69-4307-949E-DD235039EACA}"
EndProject
Global
	GlobalSection(SolutionConfigurationPlatforms) = preSolution
		Debug|x64 = Debug|x64
		Debug|x86 = Debug|x86
		Release|x64 = Release|x64
		Release|x86 = Release|x86
	EndGlobalSection
	GlobalSection(ProjectConfigurationPlatforms) = postSolution
		{0A8FB137-2C69-4307-949E-DD235039EACA}.Debug|x64.ActiveCfg = Debug|x64
		{0A8FB137-2C69-4307-949E-DD235039EACA}.Debug|x64.Build.0 = Debug|x64
		{0A8FB137-2C69-4307-949E-DD235039EACA}.Debug|x86.ActiveCfg = Debug|Win32
		{0A8FB137-2C69-4307-949E-DD235039EACA}.Debug|x86.Build.0 = Debug|Win32
		{0A8FB137-2C69-4307-949E-DD235039EACA}.Release|x64.ActiveCfg = Release|x64
		{0A8FB137-2C69-4307-949E-DD235039EACA}.Release|x64.Build.0 = Release|x64
		{0A8FB137-2C69-4307-949E-DD235039EACA}.Release|x86.ActiveCfg = Release|Win32
		{0A8FB137-2C69-4307-949E-DD235039EACA}.Release|x86.Build.0 = Release|Win32
	EndGlobalSection
	GlobalSection(SolutionProperties) = preSolution
		HideSolutionNode = FALSE
	EndGlobalSection
	GlobalSection(ExtensibilityGlobals) = postSolution
		SolutionGuid = {4F4C71E6-0B2D-4709-8DFA-80D5CA9C37CF}
	EndGlobalSection
EndGlobal
